{
  "nodes": {
    "nixpkgs": {
      "locked": {
        "lastModified": 1632639184,
        "narHash": "sha256-fRLxre+gPxIkjFVj17O68pyAWU1cxT20XFOiulIWzRw=",
        "owner": "nixos",
        "repo": "nixpkgs",
        "rev": "fd8a7fd07da0f3fc0e27575891f45c2f88e5dd44",
        "type": "github"
      },
      "original": {
        "owner": "nixos",
        "ref": "nixos-21.05",
        "repo": "nixpkgs",
        "type": "github"
      }
    },
    "npmlock2nix-repo": {
      "flake": false,
      "locked": {
        "lastModified": 1632866943,
        "narHash": "sha256-wbunpF41MkqTsp6eer2ci/kuURKLVqBVOoLeEz8tN4s=",
        "owner": "tshaynik",
        "repo": "npmlock2nix",
        "rev": "c54dab510329088a18e1c983932ac37ed7d6f512",
        "type": "github"
      },
      "original": {
        "owner": "tshaynik",
        "ref": "fetchgit-ref",
        "repo": "npmlock2nix",
        "type": "github"
      }
    },
    "root": {
      "inputs": {
        "nixpkgs": "nixpkgs",
        "npmlock2nix-repo": "npmlock2nix-repo"
      }
    }
  },
  "root": "root",
  "version": 7
}
