{
  "nodes": {
    "nixpkgs": {
      "locked": {
        "lastModified": 1633625029,
        "narHash": "sha256-Ia3kwnN9DhcskAIElLSKb4u/OK7nZU/P0TkaikAX790=",
        "owner": "nixos",
        "repo": "nixpkgs",
        "rev": "781b1f8e3a2194e1e233cd62b4f2193e129a07f7",
        "type": "github"
      },
      "original": {
        "owner": "nixos",
        "ref": "nixos-21.05",
        "repo": "nixpkgs",
        "type": "github"
      }
    },
    "npmlock2nix-repo": {
      "flake": false,
      "locked": {
        "lastModified": 1633666020,
        "narHash": "sha256-AwvFpkKnP9XZeSqCU34mnVXs1ZvbZzAXZZjKe8D5VhY=",
        "owner": "tshaynik",
        "repo": "npmlock2nix",
        "rev": "9206716f8a58b5cdb52b1240bc4aac546cd3fd63",
        "type": "github"
      },
      "original": {
        "owner": "tshaynik",
        "ref": "fetchgit2",
        "repo": "npmlock2nix",
        "type": "github"
      }
    },
    "root": {
      "inputs": {
        "nixpkgs": "nixpkgs",
        "npmlock2nix-repo": "npmlock2nix-repo"
      }
    }
  },
  "root": "root",
  "version": 7
}
